
Microsoft Visual Studio Solution File, Format Version 12.00
# Visual Studio 15
VisualStudioVersion = 15.0.28307.539
MinimumVisualStudioVersion = 10.0.40219.1
Project("{FAE04EC0-301F-11D3-BF4B-00C04F79EFBC}") = "Elastic.Apm.Custom", "Elastic.Apm.Custom\Elastic.Apm.Custom.csproj", "{1413DBCD-B581-4951-9A5B-021286899FA4}"
EndProject
Project("{2150E333-8FDC-42A3-9474-1A3956D46DE8}") = "Solution Items", "Solution Items", "{30012BF7-B85D-4E0C-B398-6BBA83F44746}"
	ProjectSection(SolutionItems) = preProject
		.gitignore = .gitignore
		LICENSE = LICENSE
		README.md = README.md
	EndProjectSection
EndProject
Global
	GlobalSection(SolutionConfigurationPlatforms) = preSolution
		Debug|Any CPU = Debug|Any CPU
		Release|Any CPU = Release|Any CPU
	EndGlobalSection
	GlobalSection(ProjectConfigurationPlatforms) = postSolution
		{1413DBCD-B581-4951-9A5B-021286899FA4}.Debug|Any CPU.ActiveCfg = Debug|Any CPU
		{1413DBCD-B581-4951-9A5B-021286899FA4}.Debug|Any CPU.Build.0 = Debug|Any CPU
		{1413DBCD-B581-4951-9A5B-021286899FA4}.Release|Any CPU.ActiveCfg = Release|Any CPU
		{1413DBCD-B581-4951-9A5B-021286899FA4}.Release|Any CPU.Build.0 = Release|Any CPU
	EndGlobalSection
	GlobalSection(SolutionProperties) = preSolution
		HideSolutionNode = FALSE
	EndGlobalSection
	GlobalSection(ExtensibilityGlobals) = postSolution
		SolutionGuid = {4212EB8A-FF21-436F-AA2B-2A0B25DAEEF7}
	EndGlobalSection
EndGlobal
